hash: 652c48c6d0018deef43ba2c2cbedf4138d1837234a4860702f4b2ec1d1318a09
updated: 2016-03-06T13:52:42.10251466+01:00
imports:
- name: bitbucket.org/ww/goautoneg
  version: 75cd24fc2f2c
- name: github.com/beorn7/perks
  version: 6f93817c410418147023369723c6a05a15d93cb6
  subpackages:
  - quantile
- name: github.com/chzyer/readline
  version: 6f93817c410418147023369723c6a05a15d93cb6
  subpackages:
  - runes
- name: github.com/coreos/etcd
  version: 6f93817c410418147023369723c6a05a15d93cb6
  subpackages:
  - client
  - Godeps/_workspace/src/github.com/ugorji/go/codec
  - Godeps/_workspace/src/golang.org/x/net/context
  - pkg/pathutil
  - pkg/types
- name: github.com/ghodss/yaml
  version: 73d445a93680fa1a78ae23a5839bad48f32ba1ee
- name: github.com/golang/glog
  version: 6f93817c410418147023369723c6a05a15d93cb6
- name: github.com/golang/protobuf
  version: 6f93817c410418147023369723c6a05a15d93cb6
  subpackages:
  - proto
- name: github.com/google/shlex
  version: 6f93817c410418147023369723c6a05a15d93cb6
- name: github.com/matttproud/golang_protobuf_extensions
  version: ""
  subpackages:
  - pbutil
- name: github.com/pborman/uuid
  version: 6f93817c410418147023369723c6a05a15d93cb6
- name: github.com/prometheus/client_golang
  version: 6f93817c410418147023369723c6a05a15d93cb6
  subpackages:
  - prometheus
- name: github.com/prometheus/client_model
  version: 6f93817c410418147023369723c6a05a15d93cb6
  subpackages:
  - go
- name: github.com/prometheus/common
  version: ""
  subpackages:
  - expfmt
  - model
- name: github.com/prometheus/procfs
  version: 6f93817c410418147023369723c6a05a15d93cb6
- name: golang.org/x/crypto
  version: 6f93817c410418147023369723c6a05a15d93cb6
  subpackages:
  - ssh/terminal
- name: golang.org/x/net
  version: ""
  subpackages:
  - context
  - http2
  - trace
  - http2/hpack
  - internal/timeseries
- name: google.golang.org/grpc
  version: ""
  subpackages:
  - codes
  - credentials
  - examples/helloworld/helloworld
  - grpclog
  - metadata
  - naming
  - transport
  - peer
- name: gopkg.in/yaml.v2
  version: a83829b6f1293c91addabc89d0571c246397bbf4
devImports: []
